
Microsoft Visual Studio Solution File, Format Version 12.00
# Visual Studio Version 17
VisualStudioVersion = 17.8.34330.188
MinimumVisualStudioVersion = 10.0.40219.1
Project("{FAE04EC0-301F-11D3-BF4B-00C04F79EFBC}") = "CSharpCamp", "CSharpCamp\CSharpCamp.csproj", "{2B37B89F-DA4A-446F-85E8-52DEA366AAF4}"
EndProject
Project("{FAE04EC0-301F-11D3-BF4B-00C04F79EFBC}") = "Donguler", "Donguler\Donguler.csproj", "{CDCE56B2-13B1-4255-B797-4ACE1A94E530}"
EndProject
Project("{FAE04EC0-301F-11D3-BF4B-00C04F79EFBC}") = "ClassIntro", "ClassIntro\ClassIntro.csproj", "{219462C3-12BD-45B9-AED9-8537E597C3F2}"
EndProject
Project("{FAE04EC0-301F-11D3-BF4B-00C04F79EFBC}") = "Metotlar", "Metotlar\Metotlar.csproj", "{E65BAFC4-8095-46DB-9E84-082925318E40}"
EndProject
Project("{FAE04EC0-301F-11D3-BF4B-00C04F79EFBC}") = "Matematik", "Matematik\Matematik.csproj", "{ABF7CCD8-3476-4071-8C90-84153B35C40A}"
EndProject
Project("{FAE04EC0-301F-11D3-BF4B-00C04F79EFBC}") = "DegerveReferansTipler", "DegerveReferansTipler\DegerveReferansTipler.csproj", "{E1C0C5BA-BC9A-4531-B5CA-9B16CF5D7629}"
EndProject
Project("{FAE04EC0-301F-11D3-BF4B-00C04F79EFBC}") = "OOP1", "OOP1\OOP1.csproj", "{01548951-0E2B-48A6-927E-8CDD61880272}"
EndProject
Project("{FAE04EC0-301F-11D3-BF4B-00C04F79EFBC}") = "Koleksiyonlar", "Koleksiyonlar\Koleksiyonlar.csproj", "{2948806C-A42D-4697-A8A7-309CCB3178BE}"
EndProject
Project("{FAE04EC0-301F-11D3-BF4B-00C04F79EFBC}") = "GenericsIntro", "GenericsIntro\GenericsIntro.csproj", "{83B180AB-C777-4324-A18A-EDBA5D448C53}"
EndProject
Project("{FAE04EC0-301F-11D3-BF4B-00C04F79EFBC}") = "OOP2", "OOP2\OOP2.csproj", "{A91DCCD4-89ED-41F4-87B3-55A1E1FD6303}"
EndProject
Global
	GlobalSection(SolutionConfigurationPlatforms) = preSolution
		Debug|Any CPU = Debug|Any CPU
		Release|Any CPU = Release|Any CPU
	EndGlobalSection
	GlobalSection(ProjectConfigurationPlatforms) = postSolution
		{2B37B89F-DA4A-446F-85E8-52DEA366AAF4}.Debug|Any CPU.ActiveCfg = Debug|Any CPU
		{2B37B89F-DA4A-446F-85E8-52DEA366AAF4}.Debug|Any CPU.Build.0 = Debug|Any CPU
		{2B37B89F-DA4A-446F-85E8-52DEA366AAF4}.Release|Any CPU.ActiveCfg = Release|Any CPU
		{2B37B89F-DA4A-446F-85E8-52DEA366AAF4}.Release|Any CPU.Build.0 = Release|Any CPU
		{CDCE56B2-13B1-4255-B797-4ACE1A94E530}.Debug|Any CPU.ActiveCfg = Debug|Any CPU
		{CDCE56B2-13B1-4255-B797-4ACE1A94E530}.Debug|Any CPU.Build.0 = Debug|Any CPU
		{CDCE56B2-13B1-4255-B797-4ACE1A94E530}.Release|Any CPU.ActiveCfg = Release|Any CPU
		{CDCE56B2-13B1-4255-B797-4ACE1A94E530}.Release|Any CPU.Build.0 = Release|Any CPU
		{219462C3-12BD-45B9-AED9-8537E597C3F2}.Debug|Any CPU.ActiveCfg = Debug|Any CPU
		{219462C3-12BD-45B9-AED9-8537E597C3F2}.Debug|Any CPU.Build.0 = Debug|Any CPU
		{219462C3-12BD-45B9-AED9-8537E597C3F2}.Release|Any CPU.ActiveCfg = Release|Any CPU
		{219462C3-12BD-45B9-AED9-8537E597C3F2}.Release|Any CPU.Build.0 = Release|Any CPU
		{E65BAFC4-8095-46DB-9E84-082925318E40}.Debug|Any CPU.ActiveCfg = Debug|Any CPU
		{E65BAFC4-8095-46DB-9E84-082925318E40}.Debug|Any CPU.Build.0 = Debug|Any CPU
		{E65BAFC4-8095-46DB-9E84-082925318E40}.Release|Any CPU.ActiveCfg = Release|Any CPU
		{E65BAFC4-8095-46DB-9E84-082925318E40}.Release|Any CPU.Build.0 = Release|Any CPU
		{ABF7CCD8-3476-4071-8C90-84153B35C40A}.Debug|Any CPU.ActiveCfg = Debug|Any CPU
		{ABF7CCD8-3476-4071-8C90-84153B35C40A}.Debug|Any CPU.Build.0 = Debug|Any CPU
		{ABF7CCD8-3476-4071-8C90-84153B35C40A}.Release|Any CPU.ActiveCfg = Release|Any CPU
		{ABF7CCD8-3476-4071-8C90-84153B35C40A}.Release|Any CPU.Build.0 = Release|Any CPU
		{E1C0C5BA-BC9A-4531-B5CA-9B16CF5D7629}.Debug|Any CPU.ActiveCfg = Debug|Any CPU
		{E1C0C5BA-BC9A-4531-B5CA-9B16CF5D7629}.Debug|Any CPU.Build.0 = Debug|Any CPU
		{E1C0C5BA-BC9A-4531-B5CA-9B16CF5D7629}.Release|Any CPU.ActiveCfg = Release|Any CPU
		{E1C0C5BA-BC9A-4531-B5CA-9B16CF5D7629}.Release|Any CPU.Build.0 = Release|Any CPU
		{01548951-0E2B-48A6-927E-8CDD61880272}.Debug|Any CPU.ActiveCfg = Debug|Any CPU
		{01548951-0E2B-48A6-927E-8CDD61880272}.Debug|Any CPU.Build.0 = Debug|Any CPU
		{01548951-0E2B-48A6-927E-8CDD61880272}.Release|Any CPU.ActiveCfg = Release|Any CPU
		{01548951-0E2B-48A6-927E-8CDD61880272}.Release|Any CPU.Build.0 = Release|Any CPU
		{2948806C-A42D-4697-A8A7-309CCB3178BE}.Debug|Any CPU.ActiveCfg = Debug|Any CPU
		{2948806C-A42D-4697-A8A7-309CCB3178BE}.Debug|Any CPU.Build.0 = Debug|Any CPU
		{2948806C-A42D-4697-A8A7-309CCB3178BE}.Release|Any CPU.ActiveCfg = Release|Any CPU
		{2948806C-A42D-4697-A8A7-309CCB3178BE}.Release|Any CPU.Build.0 = Release|Any CPU
		{83B180AB-C777-4324-A18A-EDBA5D448C53}.Debug|Any CPU.ActiveCfg = Debug|Any CPU
		{83B180AB-C777-4324-A18A-EDBA5D448C53}.Debug|Any CPU.Build.0 = Debug|Any CPU
		{83B180AB-C777-4324-A18A-EDBA5D448C53}.Release|Any CPU.ActiveCfg = Release|Any CPU
		{83B180AB-C777-4324-A18A-EDBA5D448C53}.Release|Any CPU.Build.0 = Release|Any CPU
		{A91DCCD4-89ED-41F4-87B3-55A1E1FD6303}.Debug|Any CPU.ActiveCfg = Debug|Any CPU
		{A91DCCD4-89ED-41F4-87B3-55A1E1FD6303}.Debug|Any CPU.Build.0 = Debug|Any CPU
		{A91DCCD4-89ED-41F4-87B3-55A1E1FD6303}.Release|Any CPU.ActiveCfg = Release|Any CPU
		{A91DCCD4-89ED-41F4-87B3-55A1E1FD6303}.Release|Any CPU.Build.0 = Release|Any CPU
	EndGlobalSection
	GlobalSection(SolutionProperties) = preSolution
		HideSolutionNode = FALSE
	EndGlobalSection
	GlobalSection(ExtensibilityGlobals) = postSolution
		SolutionGuid = {99D7D73D-98B4-46DA-853A-1D7B12275A1E}
	EndGlobalSection
EndGlobal
